
Microsoft Visual Studio Solution File, Format Version 12.00
# Visual Studio Version 17
VisualStudioVersion = 17.6.33815.320
MinimumVisualStudioVersion = 10.0.40219.1
Project("{9A19103F-16F7-4668-BE54-9A1E7A4F7556}") = "tcobro_API", "tcobro_API\tcobro_API.csproj", "{F5806E1F-9A5C-4C4F-A28B-F084D0C6E021}"
EndProject
Project("{FAE04EC0-301F-11D3-BF4B-00C04F79EFBC}") = "tcobro_WEB", "tcobro_WEB\tcobro_WEB.csproj", "{86CC8CF1-435C-49DB-9805-6E715D0994CB}"
	ProjectSection(ProjectDependencies) = postProject
		{0B2A7677-16EF-4580-89AE-BF1F7640F5FA} = {0B2A7677-16EF-4580-89AE-BF1F7640F5FA}
	EndProjectSection
EndProject
Project("{FAE04EC0-301F-11D3-BF4B-00C04F79EFBC}") = "tcobro_Utilidad", "tcobro_Utilidad\tcobro_Utilidad.csproj", "{0B2A7677-16EF-4580-89AE-BF1F7640F5FA}"
EndProject
Global
	GlobalSection(SolutionConfigurationPlatforms) = preSolution
		Debug|Any CPU = Debug|Any CPU
		Release|Any CPU = Release|Any CPU
	EndGlobalSection
	GlobalSection(ProjectConfigurationPlatforms) = postSolution
		{F5806E1F-9A5C-4C4F-A28B-F084D0C6E021}.Debug|Any CPU.ActiveCfg = Debug|Any CPU
		{F5806E1F-9A5C-4C4F-A28B-F084D0C6E021}.Debug|Any CPU.Build.0 = Debug|Any CPU
		{F5806E1F-9A5C-4C4F-A28B-F084D0C6E021}.Release|Any CPU.ActiveCfg = Release|Any CPU
		{F5806E1F-9A5C-4C4F-A28B-F084D0C6E021}.Release|Any CPU.Build.0 = Release|Any CPU
		{86CC8CF1-435C-49DB-9805-6E715D0994CB}.Debug|Any CPU.ActiveCfg = Debug|Any CPU
		{86CC8CF1-435C-49DB-9805-6E715D0994CB}.Debug|Any CPU.Build.0 = Debug|Any CPU
		{86CC8CF1-435C-49DB-9805-6E715D0994CB}.Release|Any CPU.ActiveCfg = Release|Any CPU
		{86CC8CF1-435C-49DB-9805-6E715D0994CB}.Release|Any CPU.Build.0 = Release|Any CPU
		{0B2A7677-16EF-4580-89AE-BF1F7640F5FA}.Debug|Any CPU.ActiveCfg = Debug|Any CPU
		{0B2A7677-16EF-4580-89AE-BF1F7640F5FA}.Debug|Any CPU.Build.0 = Debug|Any CPU
		{0B2A7677-16EF-4580-89AE-BF1F7640F5FA}.Release|Any CPU.ActiveCfg = Release|Any CPU
		{0B2A7677-16EF-4580-89AE-BF1F7640F5FA}.Release|Any CPU.Build.0 = Release|Any CPU
	EndGlobalSection
	GlobalSection(SolutionProperties) = preSolution
		HideSolutionNode = FALSE
	EndGlobalSection
	GlobalSection(ExtensibilityGlobals) = postSolution
		SolutionGuid = {E5FC9621-8691-4C7D-8C68-27B6A38CDD5D}
	EndGlobalSection
EndGlobal
